
Microsoft Visual Studio Solution File, Format Version 12.00
# Visual Studio Version 16
VisualStudioVersion = 16.0.33801.447
MinimumVisualStudioVersion = 10.0.40219.1
Project("{FAE04EC0-301F-11D3-BF4B-00C04F79EFBC}") = "MatchGame", "MatchGame\MatchGame.csproj", "{BF8CB125-8182-4D1A-850E-20E855DCAFD5}"
EndProject
Global
	GlobalSection(SolutionConfigurationPlatforms) = preSolution
		Debug|Any CPU = Debug|Any CPU
		Release|Any CPU = Release|Any CPU
	EndGlobalSection
	GlobalSection(ProjectConfigurationPlatforms) = postSolution
		{BF8CB125-8182-4D1A-850E-20E855DCAFD5}.Debug|Any CPU.ActiveCfg = Debug|Any CPU
		{BF8CB125-8182-4D1A-850E-20E855DCAFD5}.Debug|Any CPU.Build.0 = Debug|Any CPU
		{BF8CB125-8182-4D1A-850E-20E855DCAFD5}.Release|Any CPU.ActiveCfg = Release|Any CPU
		{BF8CB125-8182-4D1A-850E-20E855DCAFD5}.Release|Any CPU.Build.0 = Release|Any CPU
	EndGlobalSection
	GlobalSection(SolutionProperties) = preSolution
		HideSolutionNode = FALSE
	EndGlobalSection
	GlobalSection(ExtensibilityGlobals) = postSolution
		SolutionGuid = {DD7C01F2-A758-4157-8025-40DED2FB9200}
	EndGlobalSection
EndGlobal
